
Microsoft Visual Studio Solution File, Format Version 12.00
# Visual Studio Version 17
VisualStudioVersion = 17.3.32929.385
MinimumVisualStudioVersion = 10.0.40219.1
Project("{FAE04EC0-301F-11D3-BF4B-00C04F79EFBC}") = "CCTv", "CCTv\CCTv.csproj", "{8CEF3D40-B7E5-4D52-BE10-3AAFEA2F8545}"
EndProject
Global
	GlobalSection(SolutionConfigurationPlatforms) = preSolution
		Debug|Any CPU = Debug|Any CPU
		Release|Any CPU = Release|Any CPU
	EndGlobalSection
	GlobalSection(ProjectConfigurationPlatforms) = postSolution
		{8CEF3D40-B7E5-4D52-BE10-3AAFEA2F8545}.Debug|Any CPU.ActiveCfg = Debug|Any CPU
		{8CEF3D40-B7E5-4D52-BE10-3AAFEA2F8545}.Debug|Any CPU.Build.0 = Debug|Any CPU
		{8CEF3D40-B7E5-4D52-BE10-3AAFEA2F8545}.Release|Any CPU.ActiveCfg = Release|Any CPU
		{8CEF3D40-B7E5-4D52-BE10-3AAFEA2F8545}.Release|Any CPU.Build.0 = Release|Any CPU
	EndGlobalSection
	GlobalSection(SolutionProperties) = preSolution
		HideSolutionNode = FALSE
	EndGlobalSection
	GlobalSection(ExtensibilityGlobals) = postSolution
		SolutionGuid = {15DCADCF-E8C8-46D5-8CF2-95406A9DDF89}
	EndGlobalSection
EndGlobal
